PODS:
  - Alamofire (4.7.0)
  - Appirater (2.3.1)
  - HTMLEntities (3.0.10)
  - Realm (3.1.1):
    - Realm/Headers (= 3.1.1)
  - Realm/Headers (3.1.1)
  - RealmSwift (3.1.1):
    - Realm (= 3.1.1)
  - SwiftSpinner (1.5.0)
  - SwiftyJSON (4.0.0)

DEPENDENCIES:
  - Alamofire
  - Appirater
  - HTMLEntities (from `https://github.com/IBM-Swift/swift-html-entities.git`)
  - RealmSwift
  - SwiftSpinner
  - SwiftyJSON

EXTERNAL SOURCES:
  HTMLEntities:
    :git: https://github.com/IBM-Swift/swift-html-entities.git

CHECKOUT OPTIONS:
  HTMLEntities:
    :commit: 2f582d1f927824045cbbcc5d72614799a8e7f35a
    :git: https://github.com/IBM-Swift/swift-html-entities.git

SPEC CHECKSUMS:
  Alamofire: 907e0a98eb68cdb7f9d1f541a563d6ac5dc77b25
  Appirater: 44a4651f7912a17dc906b655f0c215d5bb768b84
  HTMLEntities: 3d89d72a9aa3b6ad095c584bc2f1383bbed4581c
  Realm: 42d1c38a5b1bbcc828b48a7ce702cb86fc68adf4
  RealmSwift: d31937ca6a6ee54acde64ec839523c0a3c04924b
  SwiftSpinner: 4c058c7a1d6b444dd2e1d70988ead40783097133
  SwiftyJSON: 070dabdcb1beb81b247c65ffa3a79dbbfb3b48aa

PODFILE CHECKSUM: af0b71bfa2d64e0168255fa80efec20da0c59929

COCOAPODS: 1.4.0
